
Microsoft Visual Studio Solution File, Format Version 12.00
# Visual Studio Version 17
VisualStudioVersion = 17.0.31903.59
MinimumVisualStudioVersion = 10.0.40219.1
Project("{FAE04EC0-301F-11D3-BF4B-00C04F79EFBC}") = "Client1", "Client1.csproj", "{3FF23136-2DAD-473E-8A0C-6158BFB4581E}"
EndProject
Project("{FAE04EC0-301F-11D3-BF4B-00C04F79EFBC}") = "Client2", "..\Client2\Client2.csproj", "{98D4026B-2869-4E82-A652-27B625E67989}"
EndProject
Global
	GlobalSection(SolutionConfigurationPlatforms) = preSolution
		Debug|Any CPU = Debug|Any CPU
		Release|Any CPU = Release|Any CPU
	EndGlobalSection
	GlobalSection(ProjectConfigurationPlatforms) = postSolution
		{3FF23136-2DAD-473E-8A0C-6158BFB4581E}.Debug|Any CPU.ActiveCfg = Debug|Any CPU
		{3FF23136-2DAD-473E-8A0C-6158BFB4581E}.Debug|Any CPU.Build.0 = Debug|Any CPU
		{3FF23136-2DAD-473E-8A0C-6158BFB4581E}.Release|Any CPU.ActiveCfg = Release|Any CPU
		{3FF23136-2DAD-473E-8A0C-6158BFB4581E}.Release|Any CPU.Build.0 = Release|Any CPU
		{98D4026B-2869-4E82-A652-27B625E67989}.Debug|Any CPU.ActiveCfg = Debug|Any CPU
		{98D4026B-2869-4E82-A652-27B625E67989}.Debug|Any CPU.Build.0 = Debug|Any CPU
		{98D4026B-2869-4E82-A652-27B625E67989}.Release|Any CPU.ActiveCfg = Release|Any CPU
		{98D4026B-2869-4E82-A652-27B625E67989}.Release|Any CPU.Build.0 = Release|Any CPU
	EndGlobalSection
	GlobalSection(SolutionProperties) = preSolution
		HideSolutionNode = FALSE
	EndGlobalSection
	GlobalSection(ExtensibilityGlobals) = postSolution
		SolutionGuid = {D8163423-F5D8-4B83-B188-4215FABC4245}
	EndGlobalSection
EndGlobal
